
Microsoft Visual Studio Solution File, Format Version 12.00
# Visual Studio Version 17
VisualStudioVersion = 17.9.34723.18
MinimumVisualStudioVersion = 10.0.40219.1
Project("{888888A0-9F3D-457C-B088-3A5042F75D52}") = "Calculator", "Calculator.pyproj", "{B892DB2D-92D7-4605-857D-C8CE895411D9}"
EndProject
Global
	GlobalSection(SolutionConfigurationPlatforms) = preSolution
		Debug|Any CPU = Debug|Any CPU
		Release|Any CPU = Release|Any CPU
	EndGlobalSection
	GlobalSection(ProjectConfigurationPlatforms) = postSolution
		{B892DB2D-92D7-4605-857D-C8CE895411D9}.Debug|Any CPU.ActiveCfg = Debug|Any CPU
		{B892DB2D-92D7-4605-857D-C8CE895411D9}.Release|Any CPU.ActiveCfg = Release|Any CPU
	EndGlobalSection
	GlobalSection(SolutionProperties) = preSolution
		HideSolutionNode = FALSE
	EndGlobalSection
	GlobalSection(ExtensibilityGlobals) = postSolution
		SolutionGuid = {045238F9-B517-4B3D-85F4-608DAC1EFE42}
	EndGlobalSection
EndGlobal
